
Microsoft Visual Studio Solution File, Format Version 12.00
# Visual Studio Version 17
VisualStudioVersion = 17.5.002.0
MinimumVisualStudioVersion = 10.0.40219.1
Project("{9A19103F-16F7-4668-BE54-9A1E7A4F7556}") = "Profinder", "Profinder.csproj", "{8CB8B2D5-6B18-4186-9CC2-5FED70179260}"
EndProject
Global
	GlobalSection(SolutionConfigurationPlatforms) = preSolution
		Debug|Any CPU = Debug|Any CPU
		Release|Any CPU = Release|Any CPU
	EndGlobalSection
	GlobalSection(ProjectConfigurationPlatforms) = postSolution
		{8CB8B2D5-6B18-4186-9CC2-5FED70179260}.Debug|Any CPU.ActiveCfg = Debug|Any CPU
		{8CB8B2D5-6B18-4186-9CC2-5FED70179260}.Debug|Any CPU.Build.0 = Debug|Any CPU
		{8CB8B2D5-6B18-4186-9CC2-5FED70179260}.Release|Any CPU.ActiveCfg = Release|Any CPU
		{8CB8B2D5-6B18-4186-9CC2-5FED70179260}.Release|Any CPU.Build.0 = Release|Any CPU
	EndGlobalSection
	GlobalSection(SolutionProperties) = preSolution
		HideSolutionNode = FALSE
	EndGlobalSection
	GlobalSection(ExtensibilityGlobals) = postSolution
		SolutionGuid = {8461026B-2AAF-49B0-8545-C692DFE66479}
	EndGlobalSection
EndGlobal
